Microsoft Visual Studio Solution File, Format Version 12.00
# Visual Studio Version 16
VisualStudioVersion = 16.0.28803.352
MinimumVisualStudioVersion = 10.0.40219.1
Project("{8BC9CEB8-8B4A-11D0-8D11-00A0C91BC942}") = "libClp", "libClp.vcxproj", "{4F8F7D1C-3A9E-444D-8EE9-77F33FA05994}"
EndProject
Project("{8BC9CEB8-8B4A-11D0-8D11-00A0C91BC942}") = "OsiClpUnitTest", "OsiClpUnitTest.vcxproj", "{70730B26-9A00-4C1D-8AD2-ECE43B8F96A7}"
EndProject
Project("{8BC9CEB8-8B4A-11D0-8D11-00A0C91BC942}") = "libCoinUtils", "..\..\..\..\CoinUtils\CoinUtils\MSVisualStudio\v16alt\libCoinUtils.vcxproj", "{E032A017-12C0-4375-9B72-87C4E58E16B0}"
EndProject
Project("{8BC9CEB8-8B4A-11D0-8D11-00A0C91BC942}") = "libOsi", "..\..\..\..\Osi\Osi\MSVisualStudio\v16alt\libOsi.vcxproj", "{6A555565-9EA5-4382-B913-01544C52A2AB}"
EndProject
Project("{8BC9CEB8-8B4A-11D0-8D11-00A0C91BC942}") = "libOsiCommonTest", "..\..\..\..\Osi\Osi\MSVisualStudio\v16alt\libOsiCommonTest.vcxproj", "{109D6E6F-6D91-460F-86AE-DF27400E09A9}"
EndProject
Project("{8BC9CEB8-8B4A-11D0-8D11-00A0C91BC942}") = "libOsiClp", "libOsiClp.vcxproj", "{02D45875-A8CF-41B9-990B-3699C0ECFE10}"
EndProject
Global
	GlobalSection(SolutionConfigurationPlatforms) = preSolution
		Debug|x64 = Debug|x64
		Debug|x86 = Debug|x86
		DebugDLL|x64 = DebugDLL|x64
		DebugDLL|x86 = DebugDLL|x86
		Release|x64 = Release|x64
		Release|x86 = Release|x86
	EndGlobalSection
	GlobalSection(ProjectConfigurationPlatforms) = postSolution
		{4F8F7D1C-3A9E-444D-8EE9-77F33FA05994}.Debug|x64.ActiveCfg = Debug|x64
		{4F8F7D1C-3A9E-444D-8EE9-77F33FA05994}.Debug|x64.Build.0 = Debug|x64
		{4F8F7D1C-3A9E-444D-8EE9-77F33FA05994}.Debug|x86.ActiveCfg = Debug|Win32
		{4F8F7D1C-3A9E-444D-8EE9-77F33FA05994}.Debug|x86.Build.0 = Debug|Win32
		{4F8F7D1C-3A9E-444D-8EE9-77F33FA05994}.DebugDLL|x64.ActiveCfg = Debug|x64
		{4F8F7D1C-3A9E-444D-8EE9-77F33FA05994}.DebugDLL|x64.Build.0 = Debug|x64
		{4F8F7D1C-3A9E-444D-8EE9-77F33FA05994}.DebugDLL|x86.ActiveCfg = Debug|Win32
		{4F8F7D1C-3A9E-444D-8EE9-77F33FA05994}.DebugDLL|x86.Build.0 = Debug|Win32
		{4F8F7D1C-3A9E-444D-8EE9-77F33FA05994}.Release|x64.ActiveCfg = Release|x64
		{4F8F7D1C-3A9E-444D-8EE9-77F33FA05994}.Release|x64.Build.0 = Release|x64
		{4F8F7D1C-3A9E-444D-8EE9-77F33FA05994}.Release|x86.ActiveCfg = Release|Win32
		{4F8F7D1C-3A9E-444D-8EE9-77F33FA05994}.Release|x86.Build.0 = Release|Win32
		{70730B26-9A00-4C1D-8AD2-ECE43B8F96A7}.Debug|x64.ActiveCfg = Debug|x64
		{70730B26-9A00-4C1D-8AD2-ECE43B8F96A7}.Debug|x64.Build.0 = Debug|x64
		{70730B26-9A00-4C1D-8AD2-ECE43B8F96A7}.Debug|x86.ActiveCfg = Debug|Win32
		{70730B26-9A00-4C1D-8AD2-ECE43B8F96A7}.Debug|x86.Build.0 = Debug|Win32
		{70730B26-9A00-4C1D-8AD2-ECE43B8F96A7}.DebugDLL|x64.ActiveCfg = Debug|x64
		{70730B26-9A00-4C1D-8AD2-ECE43B8F96A7}.DebugDLL|x64.Build.0 = Debug|x64
		{70730B26-9A00-4C1D-8AD2-ECE43B8F96A7}.DebugDLL|x86.ActiveCfg = Debug|Win32
		{70730B26-9A00-4C1D-8AD2-ECE43B8F96A7}.DebugDLL|x86.Build.0 = Debug|Win32
		{70730B26-9A00-4C1D-8AD2-ECE43B8F96A7}.Release|x64.ActiveCfg = Release|x64
		{70730B26-9A00-4C1D-8AD2-ECE43B8F96A7}.Release|x64.Build.0 = Release|x64
		{70730B26-9A00-4C1D-8AD2-ECE43B8F96A7}.Release|x86.ActiveCfg = Release|Win32
		{70730B26-9A00-4C1D-8AD2-ECE43B8F96A7}.Release|x86.Build.0 = Release|Win32
		{E032A017-12C0-4375-9B72-87C4E58E16B0}.Debug|x64.ActiveCfg = Debug|x64
		{E032A017-12C0-4375-9B72-87C4E58E16B0}.Debug|x64.Build.0 = Debug|x64
		{E032A017-12C0-4375-9B72-87C4E58E16B0}.Debug|x86.ActiveCfg = Debug|Win32
		{E032A017-12C0-4375-9B72-87C4E58E16B0}.Debug|x86.Build.0 = Debug|Win32
		{E032A017-12C0-4375-9B72-87C4E58E16B0}.DebugDLL|x64.ActiveCfg = DebugDLL|x64
		{E032A017-12C0-4375-9B72-87C4E58E16B0}.DebugDLL|x64.Build.0 = DebugDLL|x64
		{E032A017-12C0-4375-9B72-87C4E58E16B0}.DebugDLL|x86.ActiveCfg = DebugDLL|Win32
		{E032A017-12C0-4375-9B72-87C4E58E16B0}.DebugDLL|x86.Build.0 = DebugDLL|Win32
		{E032A017-12C0-4375-9B72-87C4E58E16B0}.Release|x64.ActiveCfg = Release|x64
		{E032A017-12C0-4375-9B72-87C4E58E16B0}.Release|x64.Build.0 = Release|x64
		{E032A017-12C0-4375-9B72-87C4E58E16B0}.Release|x86.ActiveCfg = Release|Win32
		{E032A017-12C0-4375-9B72-87C4E58E16B0}.Release|x86.Build.0 = Release|Win32
		{6A555565-9EA5-4382-B913-01544C52A2AB}.Debug|x64.ActiveCfg = Debug|x64
		{6A555565-9EA5-4382-B913-01544C52A2AB}.Debug|x64.Build.0 = Debug|x64
		{6A555565-9EA5-4382-B913-01544C52A2AB}.Debug|x86.ActiveCfg = Debug|Win32
		{6A555565-9EA5-4382-B913-01544C52A2AB}.Debug|x86.Build.0 = Debug|Win32
		{6A555565-9EA5-4382-B913-01544C52A2AB}.DebugDLL|x64.ActiveCfg = DebugDLL|x64
		{6A555565-9EA5-4382-B913-01544C52A2AB}.DebugDLL|x64.Build.0 = DebugDLL|x64
		{6A555565-9EA5-4382-B913-01544C52A2AB}.DebugDLL|x86.ActiveCfg = DebugDLL|Win32
		{6A555565-9EA5-4382-B913-01544C52A2AB}.DebugDLL|x86.Build.0 = DebugDLL|Win32
		{6A555565-9EA5-4382-B913-01544C52A2AB}.Release|x64.ActiveCfg = Release|x64
		{6A555565-9EA5-4382-B913-01544C52A2AB}.Release|x64.Build.0 = Release|x64
		{6A555565-9EA5-4382-B913-01544C52A2AB}.Release|x86.ActiveCfg = Release|Win32
		{6A555565-9EA5-4382-B913-01544C52A2AB}.Release|x86.Build.0 = Release|Win32
		{109D6E6F-6D91-460F-86AE-DF27400E09A9}.Debug|x64.ActiveCfg = Debug|x64
		{109D6E6F-6D91-460F-86AE-DF27400E09A9}.Debug|x64.Build.0 = Debug|x64
		{109D6E6F-6D91-460F-86AE-DF27400E09A9}.Debug|x86.ActiveCfg = Debug|Win32
		{109D6E6F-6D91-460F-86AE-DF27400E09A9}.Debug|x86.Build.0 = Debug|Win32
		{109D6E6F-6D91-460F-86AE-DF27400E09A9}.DebugDLL|x64.ActiveCfg = DebugDLL|x64
		{109D6E6F-6D91-460F-86AE-DF27400E09A9}.DebugDLL|x64.Build.0 = DebugDLL|x64
		{109D6E6F-6D91-460F-86AE-DF27400E09A9}.DebugDLL|x86.ActiveCfg = DebugDLL|Win32
		{109D6E6F-6D91-460F-86AE-DF27400E09A9}.DebugDLL|x86.Build.0 = DebugDLL|Win32
		{109D6E6F-6D91-460F-86AE-DF27400E09A9}.Release|x64.ActiveCfg = Release|x64
		{109D6E6F-6D91-460F-86AE-DF27400E09A9}.Release|x64.Build.0 = Release|x64
		{109D6E6F-6D91-460F-86AE-DF27400E09A9}.Release|x86.ActiveCfg = Release|Win32
		{109D6E6F-6D91-460F-86AE-DF27400E09A9}.Release|x86.Build.0 = Release|Win32
		{02D45875-A8CF-41B9-990B-3699C0ECFE10}.Debug|x64.ActiveCfg = Debug|x64
		{02D45875-A8CF-41B9-990B-3699C0ECFE10}.Debug|x64.Build.0 = Debug|x64
		{02D45875-A8CF-41B9-990B-3699C0ECFE10}.Debug|x86.ActiveCfg = Debug|Win32
		{02D45875-A8CF-41B9-990B-3699C0ECFE10}.Debug|x86.Build.0 = Debug|Win32
		{02D45875-A8CF-41B9-990B-3699C0ECFE10}.DebugDLL|x64.ActiveCfg = Debug|x64
		{02D45875-A8CF-41B9-990B-3699C0ECFE10}.DebugDLL|x64.Build.0 = Debug|x64
		{02D45875-A8CF-41B9-990B-3699C0ECFE10}.DebugDLL|x86.ActiveCfg = Debug|Win32
		{02D45875-A8CF-41B9-990B-3699C0ECFE10}.DebugDLL|x86.Build.0 = Debug|Win32
		{02D45875-A8CF-41B9-990B-3699C0ECFE10}.Release|x64.ActiveCfg = Release|x64
		{02D45875-A8CF-41B9-990B-3699C0ECFE10}.Release|x64.Build.0 = Release|x64
		{02D45875-A8CF-41B9-990B-3699C0ECFE10}.Release|x86.ActiveCfg = Release|Win32
		{02D45875-A8CF-41B9-990B-3699C0ECFE10}.Release|x86.Build.0 = Release|Win32
	EndGlobalSection
	GlobalSection(SolutionProperties) = preSolution
		HideSolutionNode = FALSE
	EndGlobalSection
	GlobalSection(ExtensibilityGlobals) = postSolution
		SolutionGuid = {E052468E-8F19-4DDE-9259-DAF0DDFFAFA5}
	EndGlobalSection
EndGlobal
